
Microsoft Visual Studio Solution File, Format Version 12.00
# Visual Studio Version 16
VisualStudioVersion = 16.0.810.0
MinimumVisualStudioVersion = 10.0.40219.1
Project("{FAE04EC0-301F-11D3-BF4B-00C04F79EFBC}") = "asp-dot-net-core-mvc-demo", "asp-dot-net-core-mvc-demo\asp-dot-net-core-mvc-demo.csproj", "{2727AEF3-113A-4C30-82A3-FD7D42242C7C}"
EndProject
Project("{FAE04EC0-301F-11D3-BF4B-00C04F79EFBC}") = "asp-dot-net-core-mvc-tests", "asp-dot-net-core-mvc-tests\asp-dot-net-core-mvc-tests.csproj", "{C7D65143-DCDF-4108-A390-52E5B012B69B}"
EndProject
Global
	GlobalSection(SolutionConfigurationPlatforms) = preSolution
		Debug|Any CPU = Debug|Any CPU
		Release|Any CPU = Release|Any CPU
	EndGlobalSection
	GlobalSection(ProjectConfigurationPlatforms) = postSolution
		{2727AEF3-113A-4C30-82A3-FD7D42242C7C}.Debug|Any CPU.ActiveCfg = Debug|Any CPU
		{2727AEF3-113A-4C30-82A3-FD7D42242C7C}.Debug|Any CPU.Build.0 = Debug|Any CPU
		{2727AEF3-113A-4C30-82A3-FD7D42242C7C}.Release|Any CPU.ActiveCfg = Release|Any CPU
		{2727AEF3-113A-4C30-82A3-FD7D42242C7C}.Release|Any CPU.Build.0 = Release|Any CPU
		{C7D65143-DCDF-4108-A390-52E5B012B69B}.Debug|Any CPU.ActiveCfg = Debug|Any CPU
		{C7D65143-DCDF-4108-A390-52E5B012B69B}.Debug|Any CPU.Build.0 = Debug|Any CPU
		{C7D65143-DCDF-4108-A390-52E5B012B69B}.Release|Any CPU.ActiveCfg = Release|Any CPU
		{C7D65143-DCDF-4108-A390-52E5B012B69B}.Release|Any CPU.Build.0 = Release|Any CPU
	EndGlobalSection
	GlobalSection(SolutionProperties) = preSolution
		HideSolutionNode = FALSE
	EndGlobalSection
	GlobalSection(ExtensibilityGlobals) = postSolution
		SolutionGuid = {4DAC4D85-7CCB-4D83-B321-9D4400382DF5}
	EndGlobalSection
EndGlobal
